
Microsoft Visual Studio Solution File, Format Version 12.00
# Visual Studio Version 16
VisualStudioVersion = 16.0.30225.117
MinimumVisualStudioVersion = 10.0.40219.1
Project("{FAE04EC0-301F-11D3-BF4B-00C04F79EFBC}") = "mobilestore", "mobilestore\mobilestore.csproj", "{95CD66B3-B254-4219-AB5F-B64FF7EF2825}"
EndProject
Global
	GlobalSection(SolutionConfigurationPlatforms) = preSolution
		Debug|Any CPU = Debug|Any CPU
		Release|Any CPU = Release|Any CPU
	EndGlobalSection
	GlobalSection(ProjectConfigurationPlatforms) = postSolution
		{95CD66B3-B254-4219-AB5F-B64FF7EF2825}.Debug|Any CPU.ActiveCfg = Debug|Any CPU
		{95CD66B3-B254-4219-AB5F-B64FF7EF2825}.Debug|Any CPU.Build.0 = Debug|Any CPU
		{95CD66B3-B254-4219-AB5F-B64FF7EF2825}.Release|Any CPU.ActiveCfg = Release|Any CPU
		{95CD66B3-B254-4219-AB5F-B64FF7EF2825}.Release|Any CPU.Build.0 = Release|Any CPU
	EndGlobalSection
	GlobalSection(SolutionProperties) = preSolution
		HideSolutionNode = FALSE
	EndGlobalSection
	GlobalSection(ExtensibilityGlobals) = postSolution
		SolutionGuid = {95F22D8F-57A4-415A-B16B-FDDA3C66A7C4}
	EndGlobalSection
EndGlobal
